Microsoft Visual Studio Solution File, Format Version 12.00
# Visual Studio Version 17
VisualStudioVersion = 17.5.2.0
MinimumVisualStudioVersion = 10.0.40219.1
Project("{FAE04EC0-301F-11D3-BF4B-00C04F79EFBC}") = "CursinhoEACH", "CursinhoEACH.csproj", "{3392380D-5984-594C-0CEF-E66261914D4C}"
EndProject
Global
	GlobalSection(SolutionConfigurationPlatforms) = preSolution
		Debug|Any CPU = Debug|Any CPU
		Release|Any CPU = Release|Any CPU
	EndGlobalSection
	GlobalSection(ProjectConfigurationPlatforms) = postSolution
		{3392380D-5984-594C-0CEF-E66261914D4C}.Debug|Any CPU.ActiveCfg = Debug|Any CPU
		{3392380D-5984-594C-0CEF-E66261914D4C}.Debug|Any CPU.Build.0 = Debug|Any CPU
		{3392380D-5984-594C-0CEF-E66261914D4C}.Release|Any CPU.ActiveCfg = Release|Any CPU
		{3392380D-5984-594C-0CEF-E66261914D4C}.Release|Any CPU.Build.0 = Release|Any CPU
	EndGlobalSection
	GlobalSection(SolutionProperties) = preSolution
		HideSolutionNode = FALSE
	EndGlobalSection
	GlobalSection(ExtensibilityGlobals) = postSolution
		SolutionGuid = {D20ECF4E-890C-4A65-AAF2-582638245E47}
	EndGlobalSection
EndGlobal
